
Microsoft Visual Studio Solution File, Format Version 12.00
# Visual Studio Version 17
VisualStudioVersion = 17.4.32804.182
MinimumVisualStudioVersion = 10.0.40219.1
Project("{9A19103F-16F7-4668-BE54-9A1E7A4F7556}") = "aspnetcoreidentityapp", "Identity\aspnetcoreidentityapp\aspnetcoreidentityapp.csproj", "{38FC0F9C-5DE4-4DEC-8578-4468363F8D9A}"
EndProject
Project("{2150E333-8FDC-42A3-9474-1A3956D46DE8}") = "Identity", "Identity", "{1EA5BBA3-203C-4CDC-BE3E-D87B1E323615}"
EndProject
Project("{9A19103F-16F7-4668-BE54-9A1E7A4F7556}") = "aspnetcoreidentityfreesql", "Identity\aspnetcoreidentityfreesql\aspnetcoreidentityfreesql.csproj", "{1EB231B0-1F47-44F3-9B4B-74D01CE9D03A}"
EndProject
Global
	GlobalSection(SolutionConfigurationPlatforms) = preSolution
		Debug|Any CPU = Debug|Any CPU
		Release|Any CPU = Release|Any CPU
	EndGlobalSection
	GlobalSection(ProjectConfigurationPlatforms) = postSolution
		{38FC0F9C-5DE4-4DEC-8578-4468363F8D9A}.Debug|Any CPU.ActiveCfg = Debug|Any CPU
		{38FC0F9C-5DE4-4DEC-8578-4468363F8D9A}.Debug|Any CPU.Build.0 = Debug|Any CPU
		{38FC0F9C-5DE4-4DEC-8578-4468363F8D9A}.Release|Any CPU.ActiveCfg = Release|Any CPU
		{38FC0F9C-5DE4-4DEC-8578-4468363F8D9A}.Release|Any CPU.Build.0 = Release|Any CPU
		{1EB231B0-1F47-44F3-9B4B-74D01CE9D03A}.Debug|Any CPU.ActiveCfg = Debug|Any CPU
		{1EB231B0-1F47-44F3-9B4B-74D01CE9D03A}.Debug|Any CPU.Build.0 = Debug|Any CPU
		{1EB231B0-1F47-44F3-9B4B-74D01CE9D03A}.Release|Any CPU.ActiveCfg = Release|Any CPU
		{1EB231B0-1F47-44F3-9B4B-74D01CE9D03A}.Release|Any CPU.Build.0 = Release|Any CPU
	EndGlobalSection
	GlobalSection(SolutionProperties) = preSolution
		HideSolutionNode = FALSE
	EndGlobalSection
	GlobalSection(NestedProjects) = preSolution
		{38FC0F9C-5DE4-4DEC-8578-4468363F8D9A} = {1EA5BBA3-203C-4CDC-BE3E-D87B1E323615}
		{1EB231B0-1F47-44F3-9B4B-74D01CE9D03A} = {1EA5BBA3-203C-4CDC-BE3E-D87B1E323615}
	EndGlobalSection
	GlobalSection(ExtensibilityGlobals) = postSolution
		SolutionGuid = {54850F07-E732-421A-9EDD-F167852014A8}
	EndGlobalSection
EndGlobal
